
Microsoft Visual Studio Solution File, Format Version 12.00
# Visual Studio 15
VisualStudioVersion = 15.0.27130.2024
MinimumVisualStudioVersion = 10.0.40219.1
Project("{FAE04EC0-301F-11D3-BF4B-00C04F79EFBC}") = "CsprojManager", "CsprojManager\CsprojManager.csproj", "{F7ECD455-83EA-4445-9522-2E28EC4B7140}"
EndProject
Global
	GlobalSection(SolutionConfigurationPlatforms) = preSolution
		Debug|Any CPU = Debug|Any CPU
		Release|Any CPU = Release|Any CPU
	EndGlobalSection
	GlobalSection(ProjectConfigurationPlatforms) = postSolution
		{F7ECD455-83EA-4445-9522-2E28EC4B7140}.Debug|Any CPU.ActiveCfg = Debug|Any CPU
		{F7ECD455-83EA-4445-9522-2E28EC4B7140}.Debug|Any CPU.Build.0 = Debug|Any CPU
		{F7ECD455-83EA-4445-9522-2E28EC4B7140}.Release|Any CPU.ActiveCfg = Release|Any CPU
		{F7ECD455-83EA-4445-9522-2E28EC4B7140}.Release|Any CPU.Build.0 = Release|Any CPU
	EndGlobalSection
	GlobalSection(SolutionProperties) = preSolution
		HideSolutionNode = FALSE
	EndGlobalSection
	GlobalSection(ExtensibilityGlobals) = postSolution
		SolutionGuid = {ACAE00D9-7C57-436B-B685-821D724D1FD4}
	EndGlobalSection
EndGlobal
